
Microsoft Visual Studio Solution File, Format Version 12.00
# Visual Studio Version 16
VisualStudioVersion = 16.0.30204.135
MinimumVisualStudioVersion = 10.0.40219.1
Project("{FAE04EC0-301F-11D3-BF4B-00C04F79EFBC}") = "Array", "Array\Array.csproj", "{7234E71E-5014-4486-A6BA-14BEA689A70F}"
EndProject
Global
	GlobalSection(SolutionConfigurationPlatforms) = preSolution
		Debug|Any CPU = Debug|Any CPU
		Release|Any CPU = Release|Any CPU
	EndGlobalSection
	GlobalSection(ProjectConfigurationPlatforms) = postSolution
		{7234E71E-5014-4486-A6BA-14BEA689A70F}.Debug|Any CPU.ActiveCfg = Debug|Any CPU
		{7234E71E-5014-4486-A6BA-14BEA689A70F}.Debug|Any CPU.Build.0 = Debug|Any CPU
		{7234E71E-5014-4486-A6BA-14BEA689A70F}.Release|Any CPU.ActiveCfg = Release|Any CPU
		{7234E71E-5014-4486-A6BA-14BEA689A70F}.Release|Any CPU.Build.0 = Release|Any CPU
	EndGlobalSection
	GlobalSection(SolutionProperties) = preSolution
		HideSolutionNode = FALSE
	EndGlobalSection
	GlobalSection(ExtensibilityGlobals) = postSolution
		SolutionGuid = {DCB8B7EA-5AE7-4D9F-BBC1-FF09DAE8F948}
	EndGlobalSection
EndGlobal
